
Microsoft Visual Studio Solution File, Format Version 12.00
# Visual Studio 15
VisualStudioVersion = 15.0.26730.16
MinimumVisualStudioVersion = 10.0.40219.1
Project("{FAE04EC0-301F-11D3-BF4B-00C04F79EFBC}") = "RetrospectiveHelper.Server", "RetrospectiveHelper\RetrospectiveHelper.Server.csproj", "{96F5674C-F8A1-439E-AACA-9C09F3984D00}"
EndProject
Project("{FAE04EC0-301F-11D3-BF4B-00C04F79EFBC}") = "RetrospectiveHelper.Tests", "RetrospectiveHelper.Tests\RetrospectiveHelper.Tests.csproj", "{922821A1-7F92-4028-8356-EBE1385856A6}"
EndProject
Global
	GlobalSection(SolutionConfigurationPlatforms) = preSolution
		Debug|Any CPU = Debug|Any CPU
		Release|Any CPU = Release|Any CPU
	EndGlobalSection
	GlobalSection(ProjectConfigurationPlatforms) = postSolution
		{96F5674C-F8A1-439E-AACA-9C09F3984D00}.Debug|Any CPU.ActiveCfg = Debug|Any CPU
		{96F5674C-F8A1-439E-AACA-9C09F3984D00}.Debug|Any CPU.Build.0 = Debug|Any CPU
		{96F5674C-F8A1-439E-AACA-9C09F3984D00}.Release|Any CPU.ActiveCfg = Release|Any CPU
		{96F5674C-F8A1-439E-AACA-9C09F3984D00}.Release|Any CPU.Build.0 = Release|Any CPU
		{922821A1-7F92-4028-8356-EBE1385856A6}.Debug|Any CPU.ActiveCfg = Debug|Any CPU
		{922821A1-7F92-4028-8356-EBE1385856A6}.Debug|Any CPU.Build.0 = Debug|Any CPU
		{922821A1-7F92-4028-8356-EBE1385856A6}.Release|Any CPU.ActiveCfg = Release|Any CPU
		{922821A1-7F92-4028-8356-EBE1385856A6}.Release|Any CPU.Build.0 = Release|Any CPU
	EndGlobalSection
	GlobalSection(SolutionProperties) = preSolution
		HideSolutionNode = FALSE
	EndGlobalSection
	GlobalSection(ExtensibilityGlobals) = postSolution
		SolutionGuid = {03895EFC-E9FF-46C6-BB14-7DE35E79CF0E}
	EndGlobalSection
EndGlobal
